// !$*UTF8*$!
{
	archiveVersion = 1;
	classes = {
	};
	objectVersion = 46;
	objects = {

/* Begin PBXBuildFile section */
		226138F717A21C1A00EF4A47 /* Cocoa.framework in Frameworks */ = {isa = PBXBuildFile; fileRef = 226138F617A21C1A00EF4A47 /* Cocoa.framework */; };
		2261390117A21C1A00EF4A47 /* InfoPlist.strings in Resources */ = {isa = PBXBuildFile; fileRef = 226138FF17A21C1A00EF4A47 /* InfoPlist.strings */; };
		2261390317A21C1A00EF4A47 /* main.m in Sources */ = {isa = PBXBuildFile; fileRef = 2261390217A21C1A00EF4A47 /* main.m */; };
		2261390717A21C1A00EF4A47 /* Credits.rtf in Resources */ = {isa = PBXBuildFile; fileRef = 2261390517A21C1A00EF4A47 /* Credits.rtf */; };
		2261390A17A21C1A00EF4A47 /* AppDelegate.mm in Sources */ = {isa = PBXBuildFile; fileRef = 2261390917A21C1A00EF4A47 /* AppDelegate.mm */; };
		2261390D17A21C1A00EF4A47 /* MainMenu.xib in Resources */ = {isa = PBXBuildFile; fileRef = 2261390B17A21C1A00EF4A47 /* MainMenu.xib */; };
		2261391517A21C1A00EF4A47 /* SenTestingKit.framework in Frameworks */ = {isa = PBXBuildFile; fileRef = 2261391417A21C1A00EF4A47 /* SenTestingKit.framework */; };
		2261391617A21C1A00EF4A47 /* Cocoa.framework in Frameworks */ = {isa = PBXBuildFile; fileRef = 226138F617A21C1A00EF4A47 /* Cocoa.framework */; };
		2261391E17A21C1A00EF4A47 /* InfoPlist.strings in Resources */ = {isa = PBXBuildFile; fileRef = 2261391C17A21C1A00EF4A47 /* InfoPlist.strings */; };
		2261392117A21C1A00EF4A47 /* BitCubeTests.m in Sources */ = {isa = PBXBuildFile; fileRef = 2261392017A21C1A00EF4A47 /* BitCubeTests.m */; };
		2261392C17A2207500EF4A47 /* myOpenGLView.m in Sources */ = {isa = PBXBuildFile; fileRef = 2261392B17A2207500EF4A47 /* myOpenGLView.m */; };
		2261392D17A2207500EF4A47 /* myOpenGLView.m in Sources */ = {isa = PBXBuildFile; fileRef = 2261392B17A2207500EF4A47 /* myOpenGLView.m */; };
		2261393017A2209900EF4A47 /* GLUT.framework in Frameworks */ = {isa = PBXBuildFile; fileRef = 2261392E17A2209900EF4A47 /* GLUT.framework */; };
		2261393117A2209900EF4A47 /* OpenGL.framework in Frameworks */ = {isa = PBXBuildFile; fileRef = 2261392F17A2209900EF4A47 /* OpenGL.framework */; };
/* End PBXBuildFile section */

/* Begin PBXContainerItemProxy section */
		2261391717A21C1A00EF4A47 /* PBXContainerItemProxy */ = {
			isa = PBXContainerItemProxy;
			containerPortal = 226138EB17A21C1A00EF4A47 /* Project object */;
			proxyType = 1;
			remoteGlobalIDString = 226138F217A21C1A00EF4A47;
			remoteInfo = BitCube;
		};
/* End PBXContainerItemProxy section */

/* Begin PBXFileReference section */
		226138F317A21C1A00EF4A47 /* BitCube.app */ = {isa = PBXFileReference; explicitFileType = wrapper.application; includeInIndex = 0; path = BitCube.app; sourceTree = BUILT_PRODUCTS_DIR; };
		226138F617A21C1A00EF4A47 /* Cocoa.framework */ = {isa = PBXFileReference; lastKnownFileType = wrapper.framework; name = Cocoa.framework; path = System/Library/Frameworks/Cocoa.framework; sourceTree = SDKROOT; };
		226138F917A21C1A00EF4A47 /* AppKit.framework */ = {isa = PBXFileReference; lastKnownFileType = wrapper.framework; name = AppKit.framework; path = System/Library/Frameworks/AppKit.framework; sourceTree = SDKROOT; };
		226138FA17A21C1A00EF4A47 /* CoreData.framework */ = {isa = PBXFileReference; lastKnownFileType = wrapper.framework; name = CoreData.framework; path = System/Library/Frameworks/CoreData.framework; sourceTree = SDKROOT; };
		226138FB17A21C1A00EF4A47 /* Foundation.framework */ = {isa = PBXFileReference; lastKnownFileType = wrapper.framework; name = Foundation.framework; path = System/Library/Frameworks/Foundation.framework; sourceTree = SDKROOT; };
		226138FE17A21C1A00EF4A47 /* BitCube-Info.plist */ = {isa = PBXFileReference; lastKnownFileType = text.plist.xml; path = "BitCube-Info.plist"; sourceTree = "<group>"; };
		2261390017A21C1A00EF4A47 /* en */ = {isa = PBXFileReference; lastKnownFileType = text.plist.strings; name = en; path = en.lproj/InfoPlist.strings; sourceTree = "<group>"; };
		2261390217A21C1A00EF4A47 /* main.m */ = {isa = PBXFileReference; lastKnownFileType = sourcecode.c.objc; path = main.m; sourceTree = "<group>"; };
		2261390417A21C1A00EF4A47 /* BitCube-Prefix.pch */ = {isa = PBXFileReference; lastKnownFileType = sourcecode.c.h; path = "BitCube-Prefix.pch"; sourceTree = "<group>"; };
		2261390617A21C1A00EF4A47 /* en */ = {isa = PBXFileReference; lastKnownFileType = text.rtf; name = en; path = en.lproj/Credits.rtf; sourceTree = "<group>"; };
		2261390817A21C1A00EF4A47 /* AppDelegate.h */ = {isa = PBXFileReference; lastKnownFileType = sourcecode.c.h; path = AppDelegate.h; sourceTree = "<group>"; };
		2261390917A21C1A00EF4A47 /* AppDelegate.mm */ = {isa = PBXFileReference; lastKnownFileType = sourcecode.cpp.objcpp; path = AppDelegate.mm; sourceTree = "<group>"; };
		2261390C17A21C1A00EF4A47 /* en */ = {isa = PBXFileReference; lastKnownFileType = file.xib; name = en; path = en.lproj/MainMenu.xib; sourceTree = "<group>"; };
		2261391317A21C1A00EF4A47 /* BitCubeTests.octest */ = {isa = PBXFileReference; explicitFileType = wrapper.cfbundle; includeInIndex = 0; path = BitCubeTests.octest; sourceTree = BUILT_PRODUCTS_DIR; };
		2261391417A21C1A00EF4A47 /* SenTestingKit.framework */ = {isa = PBXFileReference; lastKnownFileType = wrapper.framework; name = SenTestingKit.framework; path = Library/Frameworks/SenTestingKit.framework; sourceTree = DEVELOPER_DIR; };
		2261391B17A21C1A00EF4A47 /* BitCubeTests-Info.plist */ = {isa = PBXFileReference; lastKnownFileType = text.plist.xml; path = "BitCubeTests-Info.plist"; sourceTree = "<group>"; };
		2261391D17A21C1A00EF4A47 /* en */ = {isa = PBXFileReference; lastKnownFileType = text.plist.strings; name = en; path = en.lproj/InfoPlist.strings; sourceTree = "<group>"; };
		2261391F17A21C1A00EF4A47 /* BitCubeTests.h */ = {isa = PBXFileReference; lastKnownFileType = sourcecode.c.h; path = BitCubeTests.h; sourceTree = "<group>"; };
		2261392017A21C1A00EF4A47 /* BitCubeTests.m */ = {isa = PBXFileReference; lastKnownFileType = sourcecode.c.objc; path = BitCubeTests.m; sourceTree = "<group>"; };
		2261392A17A2207500EF4A47 /* myOpenGLView.h */ = {isa = PBXFileReference; fileEncoding = 4; lastKnownFileType = sourcecode.c.h; path = myOpenGLView.h; sourceTree = "<group>"; };
		2261392B17A2207500EF4A47 /* myOpenGLView.m */ = {isa = PBXFileReference; fileEncoding = 4; lastKnownFileType = sourcecode.c.objc; path = myOpenGLView.m; sourceTree = "<group>"; };
		2261392E17A2209900EF4A47 /* GLUT.framework */ = {isa = PBXFileReference; lastKnownFileType = wrapper.framework; name = GLUT.framework; path = System/Library/Frameworks/GLUT.framework; sourceTree = SDKROOT; };
		2261392F17A2209900EF4A47 /* OpenGL.framework */ = {isa = PBXFileReference; lastKnownFileType = wrapper.framework; name = OpenGL.framework; path = System/Library/Frameworks/OpenGL.framework; sourceTree = SDKROOT; };
/* End PBXFileReference section */

/* Begin PBXFrameworksBuildPhase section */
		226138F017A21C1A00EF4A47 /* Frameworks */ = {
			isa = PBXFrameworksBuildPhase;
			buildActionMask = 2147483647;
			files = (
				2261393017A2209900EF4A47 /* GLUT.framework in Frameworks */,
				2261393117A2209900EF4A47 /* OpenGL.framework in Frameworks */,
				226138F717A21C1A00EF4A47 /* Cocoa.framework in Frameworks */,
			);
			runOnlyForDeploymentPostprocessing = 0;
		};
		2261390F17A21C1A00EF4A47 /* Frameworks */ = {
			isa = PBXFrameworksBuildPhase;
			buildActionMask = 2147483647;
			files = (
				2261391517A21C1A00EF4A47 /* SenTestingKit.framework in Frameworks */,
				2261391617A21C1A00EF4A47 /* Cocoa.framework in Frameworks */,
			);
			runOnlyForDeploymentPostprocessing = 0;
		};
/* End PBXFrameworksBuildPhase section */

/* Begin PBXGroup section */
		226138EA17A21C1A00EF4A47 = {
			isa = PBXGroup;
			children = (
				226138FC17A21C1A00EF4A47 /* BitCube */,
				2261391917A21C1A00EF4A47 /* BitCubeTests */,
				226138F517A21C1A00EF4A47 /* Frameworks */,
				226138F417A21C1A00EF4A47 /* Products */,
			);
			sourceTree = "<group>";
		};
		226138F417A21C1A00EF4A47 /* Products */ = {
			isa = PBXGroup;
			children = (
				226138F317A21C1A00EF4A47 /* BitCube.app */,
				2261391317A21C1A00EF4A47 /* BitCubeTests.octest */,
			);
			name = Products;
			sourceTree = "<group>";
		};
		226138F517A21C1A00EF4A47 /* Frameworks */ = {
			isa = PBXGroup;
			children = (
				2261392E17A2209900EF4A47 /* GLUT.framework */,
				2261392F17A2209900EF4A47 /* OpenGL.framework */,
				226138F617A21C1A00EF4A47 /* Cocoa.framework */,
				2261391417A21C1A00EF4A47 /* SenTestingKit.framework */,
				226138F817A21C1A00EF4A47 /* Other Frameworks */,
			);
			name = Frameworks;
			sourceTree = "<group>";
		};
		226138F817A21C1A00EF4A47 /* Other Frameworks */ = {
			isa = PBXGroup;
			children = (
				226138F917A21C1A00EF4A47 /* AppKit.framework */,
				226138FA17A21C1A00EF4A47 /* CoreData.framework */,
				226138FB17A21C1A00EF4A47 /* Foundation.framework */,
			);
			name = "Other Frameworks";
			sourceTree = "<group>";
		};
		226138FC17A21C1A00EF4A47 /* BitCube */ = {
			isa = PBXGroup;
			children = (
				2261392A17A2207500EF4A47 /* myOpenGLView.h */,
				2261392B17A2207500EF4A47 /* myOpenGLView.m */,
				2261390817A21C1A00EF4A47 /* AppDelegate.h */,
				2261390917A21C1A00EF4A47 /* AppDelegate.mm */,
				2261390B17A21C1A00EF4A47 /* MainMenu.xib */,
				226138FD17A21C1A00EF4A47 /* Supporting Files */,
			);
			path = BitCube;
			sourceTree = "<group>";
		};
		226138FD17A21C1A00EF4A47 /* Supporting Files */ = {
			isa = PBXGroup;
			children = (
				226138FE17A21C1A00EF4A47 /* BitCube-Info.plist */,
				226138FF17A21C1A00EF4A47 /* InfoPlist.strings */,
				2261390217A21C1A00EF4A47 /* main.m */,
				2261390417A21C1A00EF4A47 /* BitCube-Prefix.pch */,
				2261390517A21C1A00EF4A47 /* Credits.rtf */,
			);
			name = "Supporting Files";
			sourceTree = "<group>";
		};
		2261391917A21C1A00EF4A47 /* BitCubeTests */ = {
			isa = PBXGroup;
			children = (
				2261391F17A21C1A00EF4A47 /* BitCubeTests.h */,
				2261392017A21C1A00EF4A47 /* BitCubeTests.m */,
				2261391A17A21C1A00EF4A47 /* Supporting Files */,
			);
			path = BitCubeTests;
			sourceTree = "<group>";
		};
		2261391A17A21C1A00EF4A47 /* Supporting Files */ = {
			isa = PBXGroup;
			children = (
				2261391B17A21C1A00EF4A47 /* BitCubeTests-Info.plist */,
				2261391C17A21C1A00EF4A47 /* InfoPlist.strings */,
			);
			name = "Supporting Files";
			sourceTree = "<group>";
		};
/* End PBXGroup section */

/* Begin PBXNativeTarget section */
		226138F217A21C1A00EF4A47 /* BitCube */ = {
			isa = PBXNativeTarget;
			buildConfigurationList = 2261392417A21C1A00EF4A47 /* Build configuration list for PBXNativeTarget "BitCube" */;
			buildPhases = (
				226138EF17A21C1A00EF4A47 /* Sources */,
				226138F017A21C1A00EF4A47 /* Frameworks */,
				226138F117A21C1A00EF4A47 /* Resources */,
			);
			buildRules = (
			);
			dependencies = (
			);
			name = BitCube;
			productName = BitCube;
			productReference = 226138F317A21C1A00EF4A47 /* BitCube.app */;
			productType = "com.apple.product-type.application";
		};
		2261391217A21C1A00EF4A47 /* BitCubeTests */ = {
			isa = PBXNativeTarget;
			buildConfigurationList = 2261392717A21C1A00EF4A47 /* Build configuration list for PBXNativeTarget "BitCubeTests" */;
			buildPhases = (
				2261390E17A21C1A00EF4A47 /* Sources */,
				2261390F17A21C1A00EF4A47 /* Frameworks */,
				2261391017A21C1A00EF4A47 /* Resources */,
				2261391117A21C1A00EF4A47 /* ShellScript */,
			);
			buildRules = (
			);
			dependencies = (
				2261391817A21C1A00EF4A47 /* PBXTargetDependency */,
			);
			name = BitCubeTests;
			productName = BitCubeTests;
			productReference = 2261391317A21C1A00EF4A47 /* BitCubeTests.octest */;
			productType = "com.apple.product-type.bundle";
		};
/* End PBXNativeTarget section */

/* Begin PBXProject section */
		226138EB17A21C1A00EF4A47 /* Project object */ = {
			isa = PBXProject;
			attributes = {
				LastUpgradeCheck = 0460;
				ORGANIZATIONNAME = "Minoru Sakurai";
			};
			buildConfigurationList = 226138EE17A21C1A00EF4A47 /* Build configuration list for PBXProject "BitCube" */;
			compatibilityVersion = "Xcode 3.2";
			developmentRegion = English;
			hasScannedForEncodings = 0;
			knownRegions = (
				en,
			);
			mainGroup = 226138EA17A21C1A00EF4A47;
			productRefGroup = 226138F417A21C1A00EF4A47 /* Products */;
			projectDirPath = "";
			projectRoot = "";
			targets = (
				226138F217A21C1A00EF4A47 /* BitCube */,
				2261391217A21C1A00EF4A47 /* BitCubeTests */,
			);
		};
/* End PBXProject section */

/* Begin PBXResourcesBuildPhase section */
		226138F117A21C1A00EF4A47 /* Resources */ = {
			isa = PBXResourcesBuildPhase;
			buildActionMask = 2147483647;
			files = (
				2261390117A21C1A00EF4A47 /* InfoPlist.strings in Resources */,
				2261390717A21C1A00EF4A47 /* Credits.rtf in Resources */,
				2261390D17A21C1A00EF4A47 /* MainMenu.xib in Resources */,
			);
			runOnlyForDeploymentPostprocessing = 0;
		};
		2261391017A21C1A00EF4A47 /* Resources */ = {
			isa = PBXResourcesBuildPhase;
			buildActionMask = 2147483647;
			files = (
				2261391E17A21C1A00EF4A47 /* InfoPlist.strings in Resources */,
			);
			runOnlyForDeploymentPostprocessing = 0;
		};
/* End PBXResourcesBuildPhase section */

/* Begin PBXShellScriptBuildPhase section */
		2261391117A21C1A00EF4A47 /* ShellScript */ = {
			isa = PBXShellScriptBuildPhase;
			buildActionMask = 2147483647;
			files = (
			);
			inputPaths = (
			);
			outputPaths = (
			);
			runOnlyForDeploymentPostprocessing = 0;
			shellPath = /bin/sh;
			shellScript = "# Run the unit tests in this test bundle.\n\"${SYSTEM_DEVELOPER_DIR}/Tools/RunUnitTests\"\n";
		};
/* End PBXShellScriptBuildPhase section */

/* Begin PBXSourcesBuildPhase section */
		226138EF17A21C1A00EF4A47 /* Sources */ = {
			isa = PBXSourcesBuildPhase;
			buildActionMask = 2147483647;
			files = (
				2261390317A21C1A00EF4A47 /* main.m in Sources */,
				2261390A17A21C1A00EF4A47 /* AppDelegate.mm in Sources */,
				2261392C17A2207500EF4A47 /* myOpenGLView.m in Sources */,
			);
			runOnlyForDeploymentPostprocessing = 0;
		};
		2261390E17A21C1A00EF4A47 /* Sources */ = {
			isa = PBXSourcesBuildPhase;
			buildActionMask = 2147483647;
			files = (
				2261392117A21C1A00EF4A47 /* BitCubeTests.m in Sources */,
				2261392D17A2207500EF4A47 /* myOpenGLView.m in Sources */,
			);
			runOnlyForDeploymentPostprocessing = 0;
		};
/* End PBXSourcesBuildPhase section */

/* Begin PBXTargetDependency section */
		2261391817A21C1A00EF4A47 /* PBXTargetDependency */ = {
			isa = PBXTargetDependency;
			target = 226138F217A21C1A00EF4A47 /* BitCube */;
			targetProxy = 2261391717A21C1A00EF4A47 /* PBXContainerItemProxy */;
		};
/* End PBXTargetDependency section */

/* Begin PBXVariantGroup section */
		226138FF17A21C1A00EF4A47 /* InfoPlist.strings */ = {
			isa = PBXVariantGroup;
			children = (
				2261390017A21C1A00EF4A47 /* en */,
			);
			name = InfoPlist.strings;
			sourceTree = "<group>";
		};
		2261390517A21C1A00EF4A47 /* Credits.rtf */ = {
			isa = PBXVariantGroup;
			children = (
				2261390617A21C1A00EF4A47 /* en */,
			);
			name = Credits.rtf;
			sourceTree = "<group>";
		};
		2261390B17A21C1A00EF4A47 /* MainMenu.xib */ = {
			isa = PBXVariantGroup;
			children = (
				2261390C17A21C1A00EF4A47 /* en */,
			);
			name = MainMenu.xib;
			sourceTree = "<group>";
		};
		2261391C17A21C1A00EF4A47 /* InfoPlist.strings */ = {
			isa = PBXVariantGroup;
			children = (
				2261391D17A21C1A00EF4A47 /* en */,
			);
			name = InfoPlist.strings;
			sourceTree = "<group>";
		};
/* End PBXVariantGroup section */

/* Begin XCBuildConfiguration section */
		2261392217A21C1A00EF4A47 /* Debug */ = {
			isa = XCBuildConfiguration;
			buildSettings = {
				ALWAYS_SEARCH_USER_PATHS = NO;
				ARCHS = "$(ARCHS_STANDARD_64_BIT)";
				CLANG_CXX_LANGUAGE_STANDARD = "gnu++0x";
				CLANG_CXX_LIBRARY = "libc++";
				CLANG_WARN_CONSTANT_CONVERSION = YES;
				CLANG_WARN_EMPTY_BODY = YES;
				CLANG_WARN_ENUM_CONVERSION = YES;
				CLANG_WARN_INT_CONVERSION = YES;
				CLANG_WARN__DUPLICATE_METHOD_MATCH = YES;
				COPY_PHASE_STRIP = NO;
				GCC_C_LANGUAGE_STANDARD = gnu99;
				GCC_DYNAMIC_NO_PIC = NO;
				GCC_ENABLE_OBJC_EXCEPTIONS = YES;
				GCC_OPTIMIZATION_LEVEL = 0;
				GCC_PREPROCESSOR_DEFINITIONS = (
					"DEBUG=1",
					"$(inherited)",
				);
				GCC_SYMBOLS_PRIVATE_EXTERN = NO;
				GCC_WARN_64_TO_32_BIT_CONVERSION = YES;
				GCC_WARN_ABOUT_RETURN_TYPE = YES;
				GCC_WARN_UNINITIALIZED_AUTOS = YES;
				GCC_WARN_UNUSED_VARIABLE = YES;
				MACOSX_DEPLOYMENT_TARGET = 10.8;
				ONLY_ACTIVE_ARCH = YES;
				SDKROOT = macosx;
			};
			name = Debug;
		};
		2261392317A21C1A00EF4A47 /* Release */ = {
			isa = XCBuildConfiguration;
			buildSettings = {
				ALWAYS_SEARCH_USER_PATHS = NO;
				ARCHS = "$(ARCHS_STANDARD_64_BIT)";
				CLANG_CXX_LANGUAGE_STANDARD = "gnu++0x";
				CLANG_CXX_LIBRARY = "libc++";
				CLANG_WARN_CONSTANT_CONVERSION = YES;
				CLANG_WARN_EMPTY_BODY = YES;
				CLANG_WARN_ENUM_CONVERSION = YES;
				CLANG_WARN_INT_CONVERSION = YES;
				CLANG_WARN__DUPLICATE_METHOD_MATCH = YES;
				COPY_PHASE_STRIP = YES;
				DEBUG_INFORMATION_FORMAT = "dwarf-with-dsym";
				GCC_C_LANGUAGE_STANDARD = gnu99;
				GCC_ENABLE_OBJC_EXCEPTIONS = YES;
				GCC_WARN_64_TO_32_BIT_CONVERSION = YES;
				GCC_WARN_ABOUT_RETURN_TYPE = YES;
				GCC_WARN_UNINITIALIZED_AUTOS = YES;
				GCC_WARN_UNUSED_VARIABLE = YES;
				MACOSX_DEPLOYMENT_TARGET = 10.8;
				SDKROOT = macosx;
			};
			name = Release;
		};
		2261392517A21C1A00EF4A47 /* Debug */ = {
			isa = XCBuildConfiguration;
			buildSettings = {
				COMBINE_HIDPI_IMAGES = YES;
				GCC_PRECOMPILE_PREFIX_HEADER = YES;
				GCC_PREFIX_HEADER = "BitCube/BitCube-Prefix.pch";
				INFOPLIST_FILE = "BitCube/BitCube-Info.plist";
				PRODUCT_NAME = "$(TARGET_NAME)";
				WRAPPER_EXTENSION = app;
			};
			name = Debug;
		};
		2261392617A21C1A00EF4A47 /* Release */ = {
			isa = XCBuildConfiguration;
			buildSettings = {
				COMBINE_HIDPI_IMAGES = YES;
				GCC_PRECOMPILE_PREFIX_HEADER = YES;
				GCC_PREFIX_HEADER = "BitCube/BitCube-Prefix.pch";
				INFOPLIST_FILE = "BitCube/BitCube-Info.plist";
				PRODUCT_NAME = "$(TARGET_NAME)";
				WRAPPER_EXTENSION = app;
			};
			name = Release;
		};
		2261392817A21C1A00EF4A47 /* Debug */ = {
			isa = XCBuildConfiguration;
			buildSettings = {
				BUNDLE_LOADER = "$(BUILT_PRODUCTS_DIR)/BitCube.app/Contents/MacOS/BitCube";
				COMBINE_HIDPI_IMAGES = YES;
				FRAMEWORK_SEARCH_PATHS = "\"$(DEVELOPER_LIBRARY_DIR)/Frameworks\"";
				GCC_PRECOMPILE_PREFIX_HEADER = YES;
				GCC_PREFIX_HEADER = "BitCube/BitCube-Prefix.pch";
				INFOPLIST_FILE = "BitCubeTests/BitCubeTests-Info.plist";
				PRODUCT_NAME = "$(TARGET_NAME)";
				TEST_HOST = "$(BUNDLE_LOADER)";
				WRAPPER_EXTENSION = octest;
			};
			name = Debug;
		};
		2261392917A21C1A00EF4A47 /* Release */ = {
			isa = XCBuildConfiguration;
			buildSettings = {
				BUNDLE_LOADER = "$(BUILT_PRODUCTS_DIR)/BitCube.app/Contents/MacOS/BitCube";
				COMBINE_HIDPI_IMAGES = YES;
				FRAMEWORK_SEARCH_PATHS = "\"$(DEVELOPER_LIBRARY_DIR)/Frameworks\"";
				GCC_PRECOMPILE_PREFIX_HEADER = YES;
				GCC_PREFIX_HEADER = "BitCube/BitCube-Prefix.pch";
				INFOPLIST_FILE = "BitCubeTests/BitCubeTests-Info.plist";
				PRODUCT_NAME = "$(TARGET_NAME)";
				TEST_HOST = "$(BUNDLE_LOADER)";
				WRAPPER_EXTENSION = octest;
			};
			name = Release;
		};
/* End XCBuildConfiguration section */

/* Begin XCConfigurationList section */
		226138EE17A21C1A00EF4A47 /* Build configuration list for PBXProject "BitCube" */ = {
			isa = XCConfigurationList;
			buildConfigurations = (
				2261392217A21C1A00EF4A47 /* Debug */,
				2261392317A21C1A00EF4A47 /* Release */,
			);
			defaultConfigurationIsVisible = 0;
			defaultConfigurationName = Release;
		};
		2261392417A21C1A00EF4A47 /* Build configuration list for PBXNativeTarget "BitCube" */ = {
			isa = XCConfigurationList;
			buildConfigurations = (
				2261392517A21C1A00EF4A47 /* Debug */,
				2261392617A21C1A00EF4A47 /* Release */,
			);
			defaultConfigurationIsVisible = 0;
		};
		2261392717A21C1A00EF4A47 /* Build configuration list for PBXNativeTarget "BitCubeTests" */ = {
			isa = XCConfigurationList;
			buildConfigurations = (
				2261392817A21C1A00EF4A47 /* Debug */,
				2261392917A21C1A00EF4A47 /* Release */,
			);
			defaultConfigurationIsVisible = 0;
		};
/* End XCConfigurationList section */
	};
	rootObject = 226138EB17A21C1A00EF4A47 /* Project object */;
}
